
Microsoft Visual Studio Solution File, Format Version 12.00
# Visual Studio 14
VisualStudioVersion = 14.0.24720.0
MinimumVisualStudioVersion = 10.0.40219.1
Project("{2150E333-8FDC-42A3-9474-1A3956D46DE8}") = "Web", "Web", "{51C2C342-AAF2-4CF2-B804-CC7FE8A1335F}"
EndProject
Project("{2150E333-8FDC-42A3-9474-1A3956D46DE8}") = "Tests", "Tests", "{FC605F1D-D70F-4466-9B4F-FA19C04BDAFE}"
EndProject
Project("{2150E333-8FDC-42A3-9474-1A3956D46DE8}") = "Data", "Data", "{5299F0E4-30E2-4CB1-8E03-4DFA76B1EF49}"
EndProject
Project("{2150E333-8FDC-42A3-9474-1A3956D46DE8}") = "Services", "Services", "{E1D105F7-E0AE-46C0-A197-02E92B2463C5}"
EndProject
Project("{FAE04EC0-301F-11D3-BF4B-00C04F79EFBC}") = "MvcTemplate.Web", "..\Web\MvcTemplate.Web\MvcTemplate.Web.csproj", "{32ACE7F3-1045-4E1E-88B9-9F6CC36138B7}"
EndProject
Global
	GlobalSection(SolutionConfigurationPlatforms) = preSolution
		Debug|Any CPU = Debug|Any CPU
		Release|Any CPU = Release|Any CPU
	EndGlobalSection
	GlobalSection(ProjectConfigurationPlatforms) = postSolution
		{32ACE7F3-1045-4E1E-88B9-9F6CC36138B7}.Debug|Any CPU.ActiveCfg = Debug|Any CPU
		{32ACE7F3-1045-4E1E-88B9-9F6CC36138B7}.Debug|Any CPU.Build.0 = Debug|Any CPU
		{32ACE7F3-1045-4E1E-88B9-9F6CC36138B7}.Release|Any CPU.ActiveCfg = Release|Any CPU
		{32ACE7F3-1045-4E1E-88B9-9F6CC36138B7}.Release|Any CPU.Build.0 = Release|Any CPU
	EndGlobalSection
	GlobalSection(SolutionProperties) = preSolution
		HideSolutionNode = FALSE
	EndGlobalSection
	GlobalSection(NestedProjects) = preSolution
		{32ACE7F3-1045-4E1E-88B9-9F6CC36138B7} = {51C2C342-AAF2-4CF2-B804-CC7FE8A1335F}
	EndGlobalSection
EndGlobal
